
Microsoft Visual Studio Solution File, Format Version 12.00
# Visual Studio 15
VisualStudioVersion = 15.0.28307.421
MinimumVisualStudioVersion = 10.0.40219.1
Project("{FAE04EC0-301F-11D3-BF4B-00C04F79EFBC}") = "OpenSpaceVisualTesting", "OpenSpaceVisualTesting\OpenSpaceVisualTesting.csproj", "{FD35A322-F941-41B2-8571-1DEA8F640C66}"
EndProject
Global
	GlobalSection(SolutionConfigurationPlatforms) = preSolution
		Debug|Any CPU = Debug|Any CPU
		Release|Any CPU = Release|Any CPU
	EndGlobalSection
	GlobalSection(ProjectConfigurationPlatforms) = postSolution
		{FD35A322-F941-41B2-8571-1DEA8F640C66}.Debug|Any CPU.ActiveCfg = Debug|Any CPU
		{FD35A322-F941-41B2-8571-1DEA8F640C66}.Debug|Any CPU.Build.0 = Debug|Any CPU
		{FD35A322-F941-41B2-8571-1DEA8F640C66}.Release|Any CPU.ActiveCfg = Release|Any CPU
		{FD35A322-F941-41B2-8571-1DEA8F640C66}.Release|Any CPU.Build.0 = Release|Any CPU
	EndGlobalSection
	GlobalSection(SolutionProperties) = preSolution
		HideSolutionNode = FALSE
	EndGlobalSection
	GlobalSection(ExtensibilityGlobals) = postSolution
		SolutionGuid = {D01EED0B-290A-4C13-BDC9-0F6DF8AAA5B1}
	EndGlobalSection
EndGlobal
